
Microsoft Visual Studio Solution File, Format Version 12.00
# Visual Studio Version 17
VisualStudioVersion = 17.4.33213.308
MinimumVisualStudioVersion = 10.0.40219.1
Project("{9A19103F-16F7-4668-BE54-9A1E7A4F7556}") = "Scales.IdentityServer", "Scales.IdentityServer\Scales.IdentityServer.csproj", "{6CE9A619-AD81-491C-9F66-0962587E772A}"
EndProject
Global
	GlobalSection(SolutionConfigurationPlatforms) = preSolution
		Debug|Any CPU = Debug|Any CPU
		Release|Any CPU = Release|Any CPU
	EndGlobalSection
	GlobalSection(ProjectConfigurationPlatforms) = postSolution
		{6CE9A619-AD81-491C-9F66-0962587E772A}.Debug|Any CPU.ActiveCfg = Debug|Any CPU
		{6CE9A619-AD81-491C-9F66-0962587E772A}.Debug|Any CPU.Build.0 = Debug|Any CPU
		{6CE9A619-AD81-491C-9F66-0962587E772A}.Release|Any CPU.ActiveCfg = Release|Any CPU
		{6CE9A619-AD81-491C-9F66-0962587E772A}.Release|Any CPU.Build.0 = Release|Any CPU
	EndGlobalSection
	GlobalSection(SolutionProperties) = preSolution
		HideSolutionNode = FALSE
	EndGlobalSection
	GlobalSection(ExtensibilityGlobals) = postSolution
		SolutionGuid = {8F57CD8F-0B24-41E8-B781-F969EA1A781F}
	EndGlobalSection
EndGlobal
